// !$*UTF8*$!
{
	archiveVersion = 1;
	classes = {
	};
	objectVersion = 56;
	objects = {

/* Begin PBXBuildFile section */
		737302D12ACD6D99006AAAE7 /* ToDoListSwiftDataApp.swift in Sources */ = {isa = PBXBuildFile; fileRef = 737302D02ACD6D99006AAAE7 /* ToDoListSwiftDataApp.swift */; };
		737302D32ACD6D99006AAAE7 /* AddToDoScreen.swift in Sources */ = {isa = PBXBuildFile; fileRef = 737302D22ACD6D99006AAAE7 /* AddToDoScreen.swift */; };
		737302D52ACD6D9A006AAAE7 /* Assets.xcassets in Resources */ = {isa = PBXBuildFile; fileRef = 737302D42ACD6D9A006AAAE7 /* Assets.xcassets */; };
		737302D82ACD6D9A006AAAE7 /* Preview Assets.xcassets in Resources */ = {isa = PBXBuildFile; fileRef = 737302D72ACD6D9A006AAAE7 /* Preview Assets.xcassets */; };
		737302E02ACD6EF7006AAAE7 /* ToDo.swift in Sources */ = {isa = PBXBuildFile; fileRef = 737302DF2ACD6EF7006AAAE7 /* ToDo.swift */; };
		737302E22ACD81A1006AAAE7 /* ListScreen.swift in Sources */ = {isa = PBXBuildFile; fileRef = 737302E12ACD81A1006AAAE7 /* ListScreen.swift */; };
		737302E62ACD8209006AAAE7 /* ToDoListView.swift in Sources */ = {isa = PBXBuildFile; fileRef = 737302E52ACD8209006AAAE7 /* ToDoListView.swift */; };
		737302E82ACDD58E006AAAE7 /* ToDoDetailScreen.swift in Sources */ = {isa = PBXBuildFile; fileRef = 737302E72ACDD58E006AAAE7 /* ToDoDetailScreen.swift */; };
/* End PBXBuildFile section */

/* Begin PBXFileReference section */
		737302CD2ACD6D99006AAAE7 /* ToDoListSwiftData.app */ = {isa = PBXFileReference; explicitFileType = wrapper.application; includeInIndex = 0; path = ToDoListSwiftData.app; sourceTree = BUILT_PRODUCTS_DIR; };
		737302D02ACD6D99006AAAE7 /* ToDoListSwiftDataApp.swift */ = {isa = PBXFileReference; lastKnownFileType = sourcecode.swift; path = ToDoListSwiftDataApp.swift; sourceTree = "<group>"; };
		737302D22ACD6D99006AAAE7 /* AddToDoScreen.swift */ = {isa = PBXFileReference; lastKnownFileType = sourcecode.swift; path = AddToDoScreen.swift; sourceTree = "<group>"; };
		737302D42ACD6D9A006AAAE7 /* Assets.xcassets */ = {isa = PBXFileReference; lastKnownFileType = folder.assetcatalog; path = Assets.xcassets; sourceTree = "<group>"; };
		737302D72ACD6D9A006AAAE7 /* Preview Assets.xcassets */ = {isa = PBXFileReference; lastKnownFileType = folder.assetcatalog; path = "Preview Assets.xcassets"; sourceTree = "<group>"; };
		737302DF2ACD6EF7006AAAE7 /* ToDo.swift */ = {isa = PBXFileReference; lastKnownFileType = sourcecode.swift; path = ToDo.swift; sourceTree = "<group>"; };
		737302E12ACD81A1006AAAE7 /* ListScreen.swift */ = {isa = PBXFileReference; lastKnownFileType = sourcecode.swift; path = ListScreen.swift; sourceTree = "<group>"; };
		737302E52ACD8209006AAAE7 /* ToDoListView.swift */ = {isa = PBXFileReference; lastKnownFileType = sourcecode.swift; path = ToDoListView.swift; sourceTree = "<group>"; };
		737302E72ACDD58E006AAAE7 /* ToDoDetailScreen.swift */ = {isa = PBXFileReference; lastKnownFileType = sourcecode.swift; path = ToDoDetailScreen.swift; sourceTree = "<group>"; };
/* End PBXFileReference section */

/* Begin PBXFrameworksBuildPhase section */
		737302CA2ACD6D99006AAAE7 /* Frameworks */ = {
			isa = PBXFrameworksBuildPhase;
			buildActionMask = 2147483647;
			files = (
			);
			runOnlyForDeploymentPostprocessing = 0;
		};
/* End PBXFrameworksBuildPhase section */

/* Begin PBXGroup section */
		737302C42ACD6D99006AAAE7 = {
			isa = PBXGroup;
			children = (
				737302CF2ACD6D99006AAAE7 /* ToDoListSwiftData */,
				737302CE2ACD6D99006AAAE7 /* Products */,
			);
			sourceTree = "<group>";
		};
		737302CE2ACD6D99006AAAE7 /* Products */ = {
			isa = PBXGroup;
			children = (
				737302CD2ACD6D99006AAAE7 /* ToDoListSwiftData.app */,
			);
			name = Products;
			sourceTree = "<group>";
		};
		737302CF2ACD6D99006AAAE7 /* ToDoListSwiftData */ = {
			isa = PBXGroup;
			children = (
				737302E42ACD81E9006AAAE7 /* View */,
				737302E32ACD81C5006AAAE7 /* Screen */,
				737302DE2ACD6EE4006AAAE7 /* Model */,
				737302D02ACD6D99006AAAE7 /* ToDoListSwiftDataApp.swift */,
				737302D42ACD6D9A006AAAE7 /* Assets.xcassets */,
				737302D62ACD6D9A006AAAE7 /* Preview Content */,
			);
			path = ToDoListSwiftData;
			sourceTree = "<group>";
		};
		737302D62ACD6D9A006AAAE7 /* Preview Content */ = {
			isa = PBXGroup;
			children = (
				737302D72ACD6D9A006AAAE7 /* Preview Assets.xcassets */,
			);
			path = "Preview Content";
			sourceTree = "<group>";
		};
		737302DE2ACD6EE4006AAAE7 /* Model */ = {
			isa = PBXGroup;
			children = (
				737302DF2ACD6EF7006AAAE7 /* ToDo.swift */,
			);
			path = Model;
			sourceTree = "<group>";
		};
		737302E32ACD81C5006AAAE7 /* Screen */ = {
			isa = PBXGroup;
			children = (
				737302E12ACD81A1006AAAE7 /* ListScreen.swift */,
				737302D22ACD6D99006AAAE7 /* AddToDoScreen.swift */,
				737302E72ACDD58E006AAAE7 /* ToDoDetailScreen.swift */,
			);
			path = Screen;
			sourceTree = "<group>";
		};
		737302E42ACD81E9006AAAE7 /* View */ = {
			isa = PBXGroup;
			children = (
				737302E52ACD8209006AAAE7 /* ToDoListView.swift */,
			);
			path = View;
			sourceTree = "<group>";
		};
/* End PBXGroup section */

/* Begin PBXNativeTarget section */
		737302CC2ACD6D99006AAAE7 /* ToDoListSwiftData */ = {
			isa = PBXNativeTarget;
			buildConfigurationList = 737302DB2ACD6D9A006AAAE7 /* Build configuration list for PBXNativeTarget "ToDoListSwiftData" */;
			buildPhases = (
				737302C92ACD6D99006AAAE7 /* Sources */,
				737302CA2ACD6D99006AAAE7 /* Frameworks */,
				737302CB2ACD6D99006AAAE7 /* Resources */,
			);
			buildRules = (
			);
			dependencies = (
			);
			name = ToDoListSwiftData;
			productName = ToDoListSwiftData;
			productReference = 737302CD2ACD6D99006AAAE7 /* ToDoListSwiftData.app */;
			productType = "com.apple.product-type.application";
		};
/* End PBXNativeTarget section */

/* Begin PBXProject section */
		737302C52ACD6D99006AAAE7 /* Project object */ = {
			isa = PBXProject;
			attributes = {
				BuildIndependentTargetsInParallel = 1;
				LastSwiftUpdateCheck = 1500;
				LastUpgradeCheck = 1500;
				TargetAttributes = {
					737302CC2ACD6D99006AAAE7 = {
						CreatedOnToolsVersion = 15.0;
					};
				};
			};
			buildConfigurationList = 737302C82ACD6D99006AAAE7 /* Build configuration list for PBXProject "ToDoListSwiftData" */;
			compatibilityVersion = "Xcode 14.0";
			developmentRegion = en;
			hasScannedForEncodings = 0;
			knownRegions = (
				en,
				Base,
			);
			mainGroup = 737302C42ACD6D99006AAAE7;
			productRefGroup = 737302CE2ACD6D99006AAAE7 /* Products */;
			projectDirPath = "";
			projectRoot = "";
			targets = (
				737302CC2ACD6D99006AAAE7 /* ToDoListSwiftData */,
			);
		};
/* End PBXProject section */

/* Begin PBXResourcesBuildPhase section */
		737302CB2ACD6D99006AAAE7 /* Resources */ = {
			isa = PBXResourcesBuildPhase;
			buildActionMask = 2147483647;
			files = (
				737302D82ACD6D9A006AAAE7 /* Preview Assets.xcassets in Resources */,
				737302D52ACD6D9A006AAAE7 /* Assets.xcassets in Resources */,
			);
			runOnlyForDeploymentPostprocessing = 0;
		};
/* End PBXResourcesBuildPhase section */

/* Begin PBXSourcesBuildPhase section */
		737302C92ACD6D99006AAAE7 /* Sources */ = {
			isa = PBXSourcesBuildPhase;
			buildActionMask = 2147483647;
			files = (
				737302E22ACD81A1006AAAE7 /* ListScreen.swift in Sources */,
				737302E02ACD6EF7006AAAE7 /* ToDo.swift in Sources */,
				737302D32ACD6D99006AAAE7 /* AddToDoScreen.swift in Sources */,
				737302D12ACD6D99006AAAE7 /* ToDoListSwiftDataApp.swift in Sources */,
				737302E82ACDD58E006AAAE7 /* ToDoDetailScreen.swift in Sources */,
				737302E62ACD8209006AAAE7 /* ToDoListView.swift in Sources */,
			);
			runOnlyForDeploymentPostprocessing = 0;
		};
/* End PBXSourcesBuildPhase section */

/* Begin XCBuildConfiguration section */
		737302D92ACD6D9A006AAAE7 /* Debug */ = {
			isa = XCBuildConfiguration;
			buildSettings = {
				ALWAYS_SEARCH_USER_PATHS = NO;
				ASSETCATALOG_COMPILER_GENERATE_SWIFT_ASSET_SYMBOL_EXTENSIONS = YES;
				CLANG_ANALYZER_NONNULL = YES;
				CLANG_ANALYZER_NUMBER_OBJECT_CONVERSION = YES_AGGRESSIVE;
				CLANG_CXX_LANGUAGE_STANDARD = "gnu++20";
				CLANG_ENABLE_MODULES = YES;
				CLANG_ENABLE_OBJC_ARC = YES;
				CLANG_ENABLE_OBJC_WEAK = YES;
				CLANG_WARN_BLOCK_CAPTURE_AUTORELEASING = YES;
				CLANG_WARN_BOOL_CONVERSION = YES;
				CLANG_WARN_COMMA = YES;
				CLANG_WARN_CONSTANT_CONVERSION = YES;
				CLANG_WARN_DEPRECATED_OBJC_IMPLEMENTATIONS = YES;
				CLANG_WARN_DIRECT_OBJC_ISA_USAGE = YES_ERROR;
				CLANG_WARN_DOCUMENTATION_COMMENTS = YES;
				CLANG_WARN_EMPTY_BODY = YES;
				CLANG_WARN_ENUM_CONVERSION = YES;
				CLANG_WARN_INFINITE_RECURSION = YES;
				CLANG_WARN_INT_CONVERSION = YES;
				CLANG_WARN_NON_LITERAL_NULL_CONVERSION = YES;
				CLANG_WARN_OBJC_IMPLICIT_RETAIN_SELF = YES;
				CLANG_WARN_OBJC_LITERAL_CONVERSION = YES;
				CLANG_WARN_OBJC_ROOT_CLASS = YES_ERROR;
				CLANG_WARN_QUOTED_INCLUDE_IN_FRAMEWORK_HEADER = YES;
				CLANG_WARN_RANGE_LOOP_ANALYSIS = YES;
				CLANG_WARN_STRICT_PROTOTYPES = YES;
				CLANG_WARN_SUSPICIOUS_MOVE = YES;
				CLANG_WARN_UNGUARDED_AVAILABILITY = YES_AGGRESSIVE;
				CLANG_WARN_UNREACHABLE_CODE = YES;
				CLANG_WARN__DUPLICATE_METHOD_MATCH = YES;
				COPY_PHASE_STRIP = NO;
				DEBUG_INFORMATION_FORMAT = dwarf;
				ENABLE_STRICT_OBJC_MSGSEND = YES;
				ENABLE_TESTABILITY = YES;
				ENABLE_USER_SCRIPT_SANDBOXING = YES;
				GCC_C_LANGUAGE_STANDARD = gnu17;
				GCC_DYNAMIC_NO_PIC = NO;
				GCC_NO_COMMON_BLOCKS = YES;
				GCC_OPTIMIZATION_LEVEL = 0;
				GCC_PREPROCESSOR_DEFINITIONS = (
					"DEBUG=1",
					"$(inherited)",
				);
				GCC_WARN_64_TO_32_BIT_CONVERSION = YES;
				GCC_WARN_ABOUT_RETURN_TYPE = YES_ERROR;
				GCC_WARN_UNDECLARED_SELECTOR = YES;
				GCC_WARN_UNINITIALIZED_AUTOS = YES_AGGRESSIVE;
				GCC_WARN_UNUSED_FUNCTION = YES;
				GCC_WARN_UNUSED_VARIABLE = YES;
				IPHONEOS_DEPLOYMENT_TARGET = 17.0;
				LOCALIZATION_PREFERS_STRING_CATALOGS = YES;
				MTL_ENABLE_DEBUG_INFO = INCLUDE_SOURCE;
				MTL_FAST_MATH = YES;
				ONLY_ACTIVE_ARCH = YES;
				SDKROOT = iphoneos;
				SWIFT_ACTIVE_COMPILATION_CONDITIONS = "DEBUG $(inherited)";
				SWIFT_OPTIMIZATION_LEVEL = "-Onone";
			};
			name = Debug;
		};
		737302DA2ACD6D9A006AAAE7 /* Release */ = {
			isa = XCBuildConfiguration;
			buildSettings = {
				ALWAYS_SEARCH_USER_PATHS = NO;
				ASSETCATALOG_COMPILER_GENERATE_SWIFT_ASSET_SYMBOL_EXTENSIONS = YES;
				CLANG_ANALYZER_NONNULL = YES;
				CLANG_ANALYZER_NUMBER_OBJECT_CONVERSION = YES_AGGRESSIVE;
				CLANG_CXX_LANGUAGE_STANDARD = "gnu++20";
				CLANG_ENABLE_MODULES = YES;
				CLANG_ENABLE_OBJC_ARC = YES;
				CLANG_ENABLE_OBJC_WEAK = YES;
				CLANG_WARN_BLOCK_CAPTURE_AUTORELEASING = YES;
				CLANG_WARN_BOOL_CONVERSION = YES;
				CLANG_WARN_COMMA = YES;
				CLANG_WARN_CONSTANT_CONVERSION = YES;
				CLANG_WARN_DEPRECATED_OBJC_IMPLEMENTATIONS = YES;
				CLANG_WARN_DIRECT_OBJC_ISA_USAGE = YES_ERROR;
				CLANG_WARN_DOCUMENTATION_COMMENTS = YES;
				CLANG_WARN_EMPTY_BODY = YES;
				CLANG_WARN_ENUM_CONVERSION = YES;
				CLANG_WARN_INFINITE_RECURSION = YES;
				CLANG_WARN_INT_CONVERSION = YES;
				CLANG_WARN_NON_LITERAL_NULL_CONVERSION = YES;
				CLANG_WARN_OBJC_IMPLICIT_RETAIN_SELF = YES;
				CLANG_WARN_OBJC_LITERAL_CONVERSION = YES;
				CLANG_WARN_OBJC_ROOT_CLASS = YES_ERROR;
				CLANG_WARN_QUOTED_INCLUDE_IN_FRAMEWORK_HEADER = YES;
				CLANG_WARN_RANGE_LOOP_ANALYSIS = YES;
				CLANG_WARN_STRICT_PROTOTYPES = YES;
				CLANG_WARN_SUSPICIOUS_MOVE = YES;
				CLANG_WARN_UNGUARDED_AVAILABILITY = YES_AGGRESSIVE;
				CLANG_WARN_UNREACHABLE_CODE = YES;
				CLANG_WARN__DUPLICATE_METHOD_MATCH = YES;
				COPY_PHASE_STRIP = NO;
				DEBUG_INFORMATION_FORMAT = "dwarf-with-dsym";
				ENABLE_NS_ASSERTIONS = NO;
				ENABLE_STRICT_OBJC_MSGSEND = YES;
				ENABLE_USER_SCRIPT_SANDBOXING = YES;
				GCC_C_LANGUAGE_STANDARD = gnu17;
				GCC_NO_COMMON_BLOCKS = YES;
				GCC_WARN_64_TO_32_BIT_CONVERSION = YES;
				GCC_WARN_ABOUT_RETURN_TYPE = YES_ERROR;
				GCC_WARN_UNDECLARED_SELECTOR = YES;
				GCC_WARN_UNINITIALIZED_AUTOS = YES_AGGRESSIVE;
				GCC_WARN_UNUSED_FUNCTION = YES;
				GCC_WARN_UNUSED_VARIABLE = YES;
				IPHONEOS_DEPLOYMENT_TARGET = 17.0;
				LOCALIZATION_PREFERS_STRING_CATALOGS = YES;
				MTL_ENABLE_DEBUG_INFO = NO;
				MTL_FAST_MATH = YES;
				SDKROOT = iphoneos;
				SWIFT_COMPILATION_MODE = wholemodule;
				VALIDATE_PRODUCT = YES;
			};
			name = Release;
		};
		737302DC2ACD6D9A006AAAE7 /* Debug */ = {
			isa = XCBuildConfiguration;
			buildSettings = {
				ASSETCATALOG_COMPILER_APPICON_NAME = AppIcon;
				ASSETCATALOG_COMPILER_GLOBAL_ACCENT_COLOR_NAME = AccentColor;
				CODE_SIGN_STYLE = Automatic;
				CURRENT_PROJECT_VERSION = 1;
				DEVELOPMENT_ASSET_PATHS = "\"ToDoListSwiftData/Preview Content\"";
				ENABLE_PREVIEWS = YES;
				GENERATE_INFOPLIST_FILE = YES;
				INFOPLIST_KEY_UIApplicationSceneManifest_Generation = YES;
				INFOPLIST_KEY_UIApplicationSupportsIndirectInputEvents = YES;
				INFOPLIST_KEY_UILaunchScreen_Generation = YES;
				INFOPLIST_KEY_UISupportedInterfaceOrientations_iPad = "UIInterfaceOrientationPortrait UIInterfaceOrientationPortraitUpsideDown UIInterfaceOrientationLandscapeLeft UIInterfaceOrientationLandscapeRight";
				INFOPLIST_KEY_UISupportedInterfaceOrientations_iPhone = "UIInterfaceOrientationPortrait UIInterfaceOrientationLandscapeLeft UIInterfaceOrientationLandscapeRight";
				LD_RUNPATH_SEARCH_PATHS = (
					"$(inherited)",
					"@executable_path/Frameworks",
				);
				MARKETING_VERSION = 1.0;
				PRODUCT_BUNDLE_IDENTIFIER = com.begers.ToDoListSwiftData;
				PRODUCT_NAME = "$(TARGET_NAME)";
				SWIFT_EMIT_LOC_STRINGS = YES;
				SWIFT_VERSION = 5.0;
				TARGETED_DEVICE_FAMILY = "1,2";
			};
			name = Debug;
		};
		737302DD2ACD6D9A006AAAE7 /* Release */ = {
			isa = XCBuildConfiguration;
			buildSettings = {
				ASSETCATALOG_COMPILER_APPICON_NAME = AppIcon;
				ASSETCATALOG_COMPILER_GLOBAL_ACCENT_COLOR_NAME = AccentColor;
				CODE_SIGN_STYLE = Automatic;
				CURRENT_PROJECT_VERSION = 1;
				DEVELOPMENT_ASSET_PATHS = "\"ToDoListSwiftData/Preview Content\"";
				ENABLE_PREVIEWS = YES;
				GENERATE_INFOPLIST_FILE = YES;
				INFOPLIST_KEY_UIApplicationSceneManifest_Generation = YES;
				INFOPLIST_KEY_UIApplicationSupportsIndirectInputEvents = YES;
				INFOPLIST_KEY_UILaunchScreen_Generation = YES;
				INFOPLIST_KEY_UISupportedInterfaceOrientations_iPad = "UIInterfaceOrientationPortrait UIInterfaceOrientationPortraitUpsideDown UIInterfaceOrientationLandscapeLeft UIInterfaceOrientationLandscapeRight";
				INFOPLIST_KEY_UISupportedInterfaceOrientations_iPhone = "UIInterfaceOrientationPortrait UIInterfaceOrientationLandscapeLeft UIInterfaceOrientationLandscapeRight";
				LD_RUNPATH_SEARCH_PATHS = (
					"$(inherited)",
					"@executable_path/Frameworks",
				);
				MARKETING_VERSION = 1.0;
				PRODUCT_BUNDLE_IDENTIFIER = com.begers.ToDoListSwiftData;
				PRODUCT_NAME = "$(TARGET_NAME)";
				SWIFT_EMIT_LOC_STRINGS = YES;
				SWIFT_VERSION = 5.0;
				TARGETED_DEVICE_FAMILY = "1,2";
			};
			name = Release;
		};
/* End XCBuildConfiguration section */

/* Begin XCConfigurationList section */
		737302C82ACD6D99006AAAE7 /* Build configuration list for PBXProject "ToDoListSwiftData" */ = {
			isa = XCConfigurationList;
			buildConfigurations = (
				737302D92ACD6D9A006AAAE7 /* Debug */,
				737302DA2ACD6D9A006AAAE7 /* Release */,
			);
			defaultConfigurationIsVisible = 0;
			defaultConfigurationName = Release;
		};
		737302DB2ACD6D9A006AAAE7 /* Build configuration list for PBXNativeTarget "ToDoListSwiftData" */ = {
			isa = XCConfigurationList;
			buildConfigurations = (
				737302DC2ACD6D9A006AAAE7 /* Debug */,
				737302DD2ACD6D9A006AAAE7 /* Release */,
			);
			defaultConfigurationIsVisible = 0;
			defaultConfigurationName = Release;
		};
/* End XCConfigurationList section */
	};
	rootObject = 737302C52ACD6D99006AAAE7 /* Project object */;
}
